
Microsoft Visual Studio Solution File, Format Version 12.00
# Visual Studio Version 18
VisualStudioVersion = 18.6.11819.183 stable
MinimumVisualStudioVersion = 10.0.40219.1
Project("{FAE04EC0-301F-11D3-BF4B-00C04F79EFBC}") = "AzureStudyApi", "AzureStudyApi.csproj", "{4CFBD1D7-9D3F-BF34-F771-FB6FBB4DA866}"
EndProject
Global
	GlobalSection(SolutionConfigurationPlatforms) = preSolution
		Debug|Any CPU = Debug|Any CPU
		Release|Any CPU = Release|Any CPU
	EndGlobalSection
	GlobalSection(ProjectConfigurationPlatforms) = postSolution
		{4CFBD1D7-9D3F-BF34-F771-FB6FBB4DA866}.Debug|Any CPU.ActiveCfg = Debug|Any CPU
		{4CFBD1D7-9D3F-BF34-F771-FB6FBB4DA866}.Debug|Any CPU.Build.0 = Debug|Any CPU
		{4CFBD1D7-9D3F-BF34-F771-FB6FBB4DA866}.Release|Any CPU.ActiveCfg = Release|Any CPU
		{4CFBD1D7-9D3F-BF34-F771-FB6FBB4DA866}.Release|Any CPU.Build.0 = Release|Any CPU
	EndGlobalSection
	GlobalSection(SolutionProperties) = preSolution
		HideSolutionNode = FALSE
	EndGlobalSection
	GlobalSection(ExtensibilityGlobals) = postSolution
		SolutionGuid = {0CD7BF6E-E71E-4F72-A987-244D783F1E28}
	EndGlobalSection
EndGlobal
